
Microsoft Visual Studio Solution File, Format Version 12.00
# Visual Studio Version 16
VisualStudioVersion = 16.0.31613.86
MinimumVisualStudioVersion = 10.0.40219.1
Project("{6EC3EE1D-3C4E-46DD-8F32-0CC8E7565705}") = "UByte.Format", "src\UByte.Format\UByte.Format.fsproj", "{9EC5E04A-9BD0-4ADC-B90D-306FFAE32B30}"
EndProject
Project("{6EC3EE1D-3C4E-46DD-8F32-0CC8E7565705}") = "UByte.Assembler", "src\UByte.Assembler\UByte.Assembler.fsproj", "{2EDEE754-5D7D-4DEB-B113-772A13144FC9}"
EndProject
Project("{6EC3EE1D-3C4E-46DD-8F32-0CC8E7565705}") = "asmdl", "src\asmdl\asmdl.fsproj", "{FCDF2E73-D0BB-4AC3-9148-5E1AB43FE02F}"
EndProject
Project("{6EC3EE1D-3C4E-46DD-8F32-0CC8E7565705}") = "runmdl", "src\runmdl\runmdl.fsproj", "{BAE31C7E-10F5-4CF7-9237-B1D15BDE7BFB}"
EndProject
Project("{6EC3EE1D-3C4E-46DD-8F32-0CC8E7565705}") = "UByte.Runtime", "src\UByte.Runtime\UByte.Runtime.fsproj", "{FC1A0BE3-6738-4296-AF9A-3BCEEDAA1708}"
EndProject
Project("{6EC3EE1D-3C4E-46DD-8F32-0CC8E7565705}") = "UByte.Resolver", "src\UByte.Resolver\UByte.Resolver.fsproj", "{E7969AAB-2E43-4D40-ACBE-E362FEF1F6F6}"
EndProject
Project("{F2A71F9B-5D33-465A-A702-920D77279786}") = "WorkingTitleC.Compiler", "src\WorkingTitleC.Compiler\WorkingTitleC.Compiler.fsproj", "{8155DB71-4FCC-42E4-9931-5296E04F49AA}"
EndProject
Global
	GlobalSection(SolutionConfigurationPlatforms) = preSolution
		Debug|Any CPU = Debug|Any CPU
		Release|Any CPU = Release|Any CPU
	EndGlobalSection
	GlobalSection(ProjectConfigurationPlatforms) = postSolution
		{9EC5E04A-9BD0-4ADC-B90D-306FFAE32B30}.Debug|Any CPU.ActiveCfg = Debug|Any CPU
		{9EC5E04A-9BD0-4ADC-B90D-306FFAE32B30}.Debug|Any CPU.Build.0 = Debug|Any CPU
		{9EC5E04A-9BD0-4ADC-B90D-306FFAE32B30}.Release|Any CPU.ActiveCfg = Release|Any CPU
		{9EC5E04A-9BD0-4ADC-B90D-306FFAE32B30}.Release|Any CPU.Build.0 = Release|Any CPU
		{2EDEE754-5D7D-4DEB-B113-772A13144FC9}.Debug|Any CPU.ActiveCfg = Debug|Any CPU
		{2EDEE754-5D7D-4DEB-B113-772A13144FC9}.Debug|Any CPU.Build.0 = Debug|Any CPU
		{2EDEE754-5D7D-4DEB-B113-772A13144FC9}.Release|Any CPU.ActiveCfg = Release|Any CPU
		{2EDEE754-5D7D-4DEB-B113-772A13144FC9}.Release|Any CPU.Build.0 = Release|Any CPU
		{FCDF2E73-D0BB-4AC3-9148-5E1AB43FE02F}.Debug|Any CPU.ActiveCfg = Debug|Any CPU
		{FCDF2E73-D0BB-4AC3-9148-5E1AB43FE02F}.Debug|Any CPU.Build.0 = Debug|Any CPU
		{FCDF2E73-D0BB-4AC3-9148-5E1AB43FE02F}.Release|Any CPU.ActiveCfg = Release|Any CPU
		{FCDF2E73-D0BB-4AC3-9148-5E1AB43FE02F}.Release|Any CPU.Build.0 = Release|Any CPU
		{BAE31C7E-10F5-4CF7-9237-B1D15BDE7BFB}.Debug|Any CPU.ActiveCfg = Debug|Any CPU
		{BAE31C7E-10F5-4CF7-9237-B1D15BDE7BFB}.Debug|Any CPU.Build.0 = Debug|Any CPU
		{BAE31C7E-10F5-4CF7-9237-B1D15BDE7BFB}.Release|Any CPU.ActiveCfg = Release|Any CPU
		{BAE31C7E-10F5-4CF7-9237-B1D15BDE7BFB}.Release|Any CPU.Build.0 = Release|Any CPU
		{FC1A0BE3-6738-4296-AF9A-3BCEEDAA1708}.Debug|Any CPU.ActiveCfg = Debug|Any CPU
		{FC1A0BE3-6738-4296-AF9A-3BCEEDAA1708}.Debug|Any CPU.Build.0 = Debug|Any CPU
		{FC1A0BE3-6738-4296-AF9A-3BCEEDAA1708}.Release|Any CPU.ActiveCfg = Release|Any CPU
		{FC1A0BE3-6738-4296-AF9A-3BCEEDAA1708}.Release|Any CPU.Build.0 = Release|Any CPU
		{E7969AAB-2E43-4D40-ACBE-E362FEF1F6F6}.Debug|Any CPU.ActiveCfg = Debug|Any CPU
		{E7969AAB-2E43-4D40-ACBE-E362FEF1F6F6}.Debug|Any CPU.Build.0 = Debug|Any CPU
		{E7969AAB-2E43-4D40-ACBE-E362FEF1F6F6}.Release|Any CPU.ActiveCfg = Release|Any CPU
		{E7969AAB-2E43-4D40-ACBE-E362FEF1F6F6}.Release|Any CPU.Build.0 = Release|Any CPU
		{8155DB71-4FCC-42E4-9931-5296E04F49AA}.Debug|Any CPU.ActiveCfg = Debug|Any CPU
		{8155DB71-4FCC-42E4-9931-5296E04F49AA}.Debug|Any CPU.Build.0 = Debug|Any CPU
		{8155DB71-4FCC-42E4-9931-5296E04F49AA}.Release|Any CPU.ActiveCfg = Release|Any CPU
		{8155DB71-4FCC-42E4-9931-5296E04F49AA}.Release|Any CPU.Build.0 = Release|Any CPU
	EndGlobalSection
	GlobalSection(SolutionProperties) = preSolution
		HideSolutionNode = FALSE
	EndGlobalSection
	GlobalSection(ExtensibilityGlobals) = postSolution
		SolutionGuid = {3BE51EEF-A5D3-4E34-A3EC-D326CADA4198}
	EndGlobalSection
EndGlobal
